// !$*UTF8*$!
{
	archiveVersion = 1;
	classes = {
	};
	objectVersion = 77;
	objects = {

/* Begin PBXBuildFile section */
		5A540D312DA277DD00388B8B /* Root in Frameworks */ = {isa = PBXBuildFile; productRef = 5A540D302DA277DD00388B8B /* Root */; };
/* End PBXBuildFile section */

/* Begin PBXContainerItemProxy section */
		5A540CC32DA276C000388B8B /* PBXContainerItemProxy */ = {
			isa = PBXContainerItemProxy;
			containerPortal = 5A540CAB2DA276BF00388B8B /* Project object */;
			proxyType = 1;
			remoteGlobalIDString = 5A540CB22DA276BF00388B8B;
			remoteInfo = "sound-store";
		};
		5A540CCD2DA276C000388B8B /* PBXContainerItemProxy */ = {
			isa = PBXContainerItemProxy;
			containerPortal = 5A540CAB2DA276BF00388B8B /* Project object */;
			proxyType = 1;
			remoteGlobalIDString = 5A540CB22DA276BF00388B8B;
			remoteInfo = "sound-store";
		};
/* End PBXContainerItemProxy section */

/* Begin PBXFileReference section */
		5A540CB32DA276BF00388B8B /* sound-store.app */ = {isa = PBXFileReference; explicitFileType = wrapper.application; includeInIndex = 0; path = "sound-store.app"; sourceTree = BUILT_PRODUCTS_DIR; };
		5A540CC22DA276C000388B8B /* sound-storeTests.xctest */ = {isa = PBXFileReference; explicitFileType = wrapper.cfbundle; includeInIndex = 0; path = "sound-storeTests.xctest"; sourceTree = BUILT_PRODUCTS_DIR; };
		5A540CCC2DA276C000388B8B /* sound-storeUITests.xctest */ = {isa = PBXFileReference; explicitFileType = wrapper.cfbundle; includeInIndex = 0; path = "sound-storeUITests.xctest"; sourceTree = BUILT_PRODUCTS_DIR; };
/* End PBXFileReference section */

/* Begin PBXFileSystemSynchronizedRootGroup section */
		5A540CB52DA276BF00388B8B /* sound-store */ = {
			isa = PBXFileSystemSynchronizedRootGroup;
			path = "sound-store";
			sourceTree = "<group>";
		};
		5A540CC52DA276C000388B8B /* sound-storeTests */ = {
			isa = PBXFileSystemSynchronizedRootGroup;
			path = "sound-storeTests";
			sourceTree = "<group>";
		};
		5A540CCF2DA276C000388B8B /* sound-storeUITests */ = {
			isa = PBXFileSystemSynchronizedRootGroup;
			path = "sound-storeUITests";
			sourceTree = "<group>";
		};
/* End PBXFileSystemSynchronizedRootGroup section */

/* Begin PBXFrameworksBuildPhase section */
		5A540CB02DA276BF00388B8B /* Frameworks */ = {
			isa = PBXFrameworksBuildPhase;
			buildActionMask = 2147483647;
			files = (
				5A540D312DA277DD00388B8B /* Root in Frameworks */,
			);
			runOnlyForDeploymentPostprocessing = 0;
		};
		5A540CBF2DA276C000388B8B /* Frameworks */ = {
			isa = PBXFrameworksBuildPhase;
			buildActionMask = 2147483647;
			files = (
			);
			runOnlyForDeploymentPostprocessing = 0;
		};
		5A540CC92DA276C000388B8B /* Frameworks */ = {
			isa = PBXFrameworksBuildPhase;
			buildActionMask = 2147483647;
			files = (
			);
			runOnlyForDeploymentPostprocessing = 0;
		};
/* End PBXFrameworksBuildPhase section */

/* Begin PBXGroup section */
		5A540CAA2DA276BF00388B8B = {
			isa = PBXGroup;
			children = (
				5A540CB52DA276BF00388B8B /* sound-store */,
				5A540CC52DA276C000388B8B /* sound-storeTests */,
				5A540CCF2DA276C000388B8B /* sound-storeUITests */,
				5A540D2F2DA277DD00388B8B /* Frameworks */,
				5A540CB42DA276BF00388B8B /* Products */,
			);
			sourceTree = "<group>";
		};
		5A540CB42DA276BF00388B8B /* Products */ = {
			isa = PBXGroup;
			children = (
				5A540CB32DA276BF00388B8B /* sound-store.app */,
				5A540CC22DA276C000388B8B /* sound-storeTests.xctest */,
				5A540CCC2DA276C000388B8B /* sound-storeUITests.xctest */,
			);
			name = Products;
			sourceTree = "<group>";
		};
		5A540D2F2DA277DD00388B8B /* Frameworks */ = {
			isa = PBXGroup;
			children = (
			);
			name = Frameworks;
			sourceTree = "<group>";
		};
/* End PBXGroup section */

/* Begin PBXNativeTarget section */
		5A540CB22DA276BF00388B8B /* sound-store */ = {
			isa = PBXNativeTarget;
			buildConfigurationList = 5A540CD62DA276C000388B8B /* Build configuration list for PBXNativeTarget "sound-store" */;
			buildPhases = (
				5A540CAF2DA276BF00388B8B /* Sources */,
				5A540CB02DA276BF00388B8B /* Frameworks */,
				5A540CB12DA276BF00388B8B /* Resources */,
			);
			buildRules = (
			);
			dependencies = (
			);
			fileSystemSynchronizedGroups = (
				5A540CB52DA276BF00388B8B /* sound-store */,
			);
			name = "sound-store";
			packageProductDependencies = (
				5A540D302DA277DD00388B8B /* Root */,
			);
			productName = "sound-store";
			productReference = 5A540CB32DA276BF00388B8B /* sound-store.app */;
			productType = "com.apple.product-type.application";
		};
		5A540CC12DA276C000388B8B /* sound-storeTests */ = {
			isa = PBXNativeTarget;
			buildConfigurationList = 5A540CD92DA276C000388B8B /* Build configuration list for PBXNativeTarget "sound-storeTests" */;
			buildPhases = (
				5A540CBE2DA276C000388B8B /* Sources */,
				5A540CBF2DA276C000388B8B /* Frameworks */,
				5A540CC02DA276C000388B8B /* Resources */,
			);
			buildRules = (
			);
			dependencies = (
				5A540CC42DA276C000388B8B /* PBXTargetDependency */,
			);
			fileSystemSynchronizedGroups = (
				5A540CC52DA276C000388B8B /* sound-storeTests */,
			);
			name = "sound-storeTests";
			packageProductDependencies = (
			);
			productName = "sound-storeTests";
			productReference = 5A540CC22DA276C000388B8B /* sound-storeTests.xctest */;
			productType = "com.apple.product-type.bundle.unit-test";
		};
		5A540CCB2DA276C000388B8B /* sound-storeUITests */ = {
			isa = PBXNativeTarget;
			buildConfigurationList = 5A540CDC2DA276C000388B8B /* Build configuration list for PBXNativeTarget "sound-storeUITests" */;
			buildPhases = (
				5A540CC82DA276C000388B8B /* Sources */,
				5A540CC92DA276C000388B8B /* Frameworks */,
				5A540CCA2DA276C000388B8B /* Resources */,
			);
			buildRules = (
			);
			dependencies = (
				5A540CCE2DA276C000388B8B /* PBXTargetDependency */,
			);
			fileSystemSynchronizedGroups = (
				5A540CCF2DA276C000388B8B /* sound-storeUITests */,
			);
			name = "sound-storeUITests";
			packageProductDependencies = (
			);
			productName = "sound-storeUITests";
			productReference = 5A540CCC2DA276C000388B8B /* sound-storeUITests.xctest */;
			productType = "com.apple.product-type.bundle.ui-testing";
		};
/* End PBXNativeTarget section */

/* Begin PBXProject section */
		5A540CAB2DA276BF00388B8B /* Project object */ = {
			isa = PBXProject;
			attributes = {
				BuildIndependentTargetsInParallel = 1;
				LastSwiftUpdateCheck = 1630;
				LastUpgradeCheck = 1630;
				TargetAttributes = {
					5A540CB22DA276BF00388B8B = {
						CreatedOnToolsVersion = 16.3;
					};
					5A540CC12DA276C000388B8B = {
						CreatedOnToolsVersion = 16.3;
						TestTargetID = 5A540CB22DA276BF00388B8B;
					};
					5A540CCB2DA276C000388B8B = {
						CreatedOnToolsVersion = 16.3;
						TestTargetID = 5A540CB22DA276BF00388B8B;
					};
				};
			};
			buildConfigurationList = 5A540CAE2DA276BF00388B8B /* Build configuration list for PBXProject "sound-store" */;
			developmentRegion = en;
			hasScannedForEncodings = 0;
			knownRegions = (
				en,
				Base,
			);
			mainGroup = 5A540CAA2DA276BF00388B8B;
			minimizedProjectReferenceProxies = 1;
			preferredProjectObjectVersion = 77;
			productRefGroup = 5A540CB42DA276BF00388B8B /* Products */;
			projectDirPath = "";
			projectRoot = "";
			targets = (
				5A540CB22DA276BF00388B8B /* sound-store */,
				5A540CC12DA276C000388B8B /* sound-storeTests */,
				5A540CCB2DA276C000388B8B /* sound-storeUITests */,
			);
		};
/* End PBXProject section */

/* Begin PBXResourcesBuildPhase section */
		5A540CB12DA276BF00388B8B /* Resources */ = {
			isa = PBXResourcesBuildPhase;
			buildActionMask = 2147483647;
			files = (
			);
			runOnlyForDeploymentPostprocessing = 0;
		};
		5A540CC02DA276C000388B8B /* Resources */ = {
			isa = PBXResourcesBuildPhase;
			buildActionMask = 2147483647;
			files = (
			);
			runOnlyForDeploymentPostprocessing = 0;
		};
		5A540CCA2DA276C000388B8B /* Resources */ = {
			isa = PBXResourcesBuildPhase;
			buildActionMask = 2147483647;
			files = (
			);
			runOnlyForDeploymentPostprocessing = 0;
		};
/* End PBXResourcesBuildPhase section */

/* Begin PBXSourcesBuildPhase section */
		5A540CAF2DA276BF00388B8B /* Sources */ = {
			isa = PBXSourcesBuildPhase;
			buildActionMask = 2147483647;
			files = (
			);
			runOnlyForDeploymentPostprocessing = 0;
		};
		5A540CBE2DA276C000388B8B /* Sources */ = {
			isa = PBXSourcesBuildPhase;
			buildActionMask = 2147483647;
			files = (
			);
			runOnlyForDeploymentPostprocessing = 0;
		};
		5A540CC82DA276C000388B8B /* Sources */ = {
			isa = PBXSourcesBuildPhase;
			buildActionMask = 2147483647;
			files = (
			);
			runOnlyForDeploymentPostprocessing = 0;
		};
/* End PBXSourcesBuildPhase section */

/* Begin PBXTargetDependency section */
		5A540CC42DA276C000388B8B /* PBXTargetDependency */ = {
			isa = PBXTargetDependency;
			target = 5A540CB22DA276BF00388B8B /* sound-store */;
			targetProxy = 5A540CC32DA276C000388B8B /* PBXContainerItemProxy */;
		};
		5A540CCE2DA276C000388B8B /* PBXTargetDependency */ = {
			isa = PBXTargetDependency;
			target = 5A540CB22DA276BF00388B8B /* sound-store */;
			targetProxy = 5A540CCD2DA276C000388B8B /* PBXContainerItemProxy */;
		};
/* End PBXTargetDependency section */

/* Begin XCBuildConfiguration section */
		5A540CD42DA276C000388B8B /* Debug */ = {
			isa = XCBuildConfiguration;
			buildSettings = {
				ALWAYS_SEARCH_USER_PATHS = NO;
				ASSETCATALOG_COMPILER_GENERATE_SWIFT_ASSET_SYMBOL_EXTENSIONS = YES;
				CLANG_ANALYZER_NONNULL = YES;
				CLANG_ANALYZER_NUMBER_OBJECT_CONVERSION = YES_AGGRESSIVE;
				CLANG_CXX_LANGUAGE_STANDARD = "gnu++20";
				CLANG_ENABLE_MODULES = YES;
				CLANG_ENABLE_OBJC_ARC = YES;
				CLANG_ENABLE_OBJC_WEAK = YES;
				CLANG_WARN_BLOCK_CAPTURE_AUTORELEASING = YES;
				CLANG_WARN_BOOL_CONVERSION = YES;
				CLANG_WARN_COMMA = YES;
				CLANG_WARN_CONSTANT_CONVERSION = YES;
				CLANG_WARN_DEPRECATED_OBJC_IMPLEMENTATIONS = YES;
				CLANG_WARN_DIRECT_OBJC_ISA_USAGE = YES_ERROR;
				CLANG_WARN_DOCUMENTATION_COMMENTS = YES;
				CLANG_WARN_EMPTY_BODY = YES;
				CLANG_WARN_ENUM_CONVERSION = YES;
				CLANG_WARN_INFINITE_RECURSION = YES;
				CLANG_WARN_INT_CONVERSION = YES;
				CLANG_WARN_NON_LITERAL_NULL_CONVERSION = YES;
				CLANG_WARN_OBJC_IMPLICIT_RETAIN_SELF = YES;
				CLANG_WARN_OBJC_LITERAL_CONVERSION = YES;
				CLANG_WARN_OBJC_ROOT_CLASS = YES_ERROR;
				CLANG_WARN_QUOTED_INCLUDE_IN_FRAMEWORK_HEADER = YES;
				CLANG_WARN_RANGE_LOOP_ANALYSIS = YES;
				CLANG_WARN_STRICT_PROTOTYPES = YES;
				CLANG_WARN_SUSPICIOUS_MOVE = YES;
				CLANG_WARN_UNGUARDED_AVAILABILITY = YES_AGGRESSIVE;
				CLANG_WARN_UNREACHABLE_CODE = YES;
				CLANG_WARN__DUPLICATE_METHOD_MATCH = YES;
				COPY_PHASE_STRIP = NO;
				DEBUG_INFORMATION_FORMAT = dwarf;
				DEVELOPMENT_TEAM = X9TK8AD4Y9;
				ENABLE_STRICT_OBJC_MSGSEND = YES;
				ENABLE_TESTABILITY = YES;
				ENABLE_USER_SCRIPT_SANDBOXING = YES;
				GCC_C_LANGUAGE_STANDARD = gnu17;
				GCC_DYNAMIC_NO_PIC = NO;
				GCC_NO_COMMON_BLOCKS = YES;
				GCC_OPTIMIZATION_LEVEL = 0;
				GCC_PREPROCESSOR_DEFINITIONS = (
					"DEBUG=1",
					"$(inherited)",
				);
				GCC_WARN_64_TO_32_BIT_CONVERSION = YES;
				GCC_WARN_ABOUT_RETURN_TYPE = YES_ERROR;
				GCC_WARN_UNDECLARED_SELECTOR = YES;
				GCC_WARN_UNINITIALIZED_AUTOS = YES_AGGRESSIVE;
				GCC_WARN_UNUSED_FUNCTION = YES;
				GCC_WARN_UNUSED_VARIABLE = YES;
				IPHONEOS_DEPLOYMENT_TARGET = 18.4;
				LOCALIZATION_PREFERS_STRING_CATALOGS = YES;
				MTL_ENABLE_DEBUG_INFO = INCLUDE_SOURCE;
				MTL_FAST_MATH = YES;
				ONLY_ACTIVE_ARCH = YES;
				SDKROOT = iphoneos;
				SWIFT_ACTIVE_COMPILATION_CONDITIONS = "DEBUG $(inherited)";
				SWIFT_OPTIMIZATION_LEVEL = "-Onone";
			};
			name = Debug;
		};
		5A540CD52DA276C000388B8B /* Release */ = {
			isa = XCBuildConfiguration;
			buildSettings = {
				ALWAYS_SEARCH_USER_PATHS = NO;
				ASSETCATALOG_COMPILER_GENERATE_SWIFT_ASSET_SYMBOL_EXTENSIONS = YES;
				CLANG_ANALYZER_NONNULL = YES;
				CLANG_ANALYZER_NUMBER_OBJECT_CONVERSION = YES_AGGRESSIVE;
				CLANG_CXX_LANGUAGE_STANDARD = "gnu++20";
				CLANG_ENABLE_MODULES = YES;
				CLANG_ENABLE_OBJC_ARC = YES;
				CLANG_ENABLE_OBJC_WEAK = YES;
				CLANG_WARN_BLOCK_CAPTURE_AUTORELEASING = YES;
				CLANG_WARN_BOOL_CONVERSION = YES;
				CLANG_WARN_COMMA = YES;
				CLANG_WARN_CONSTANT_CONVERSION = YES;
				CLANG_WARN_DEPRECATED_OBJC_IMPLEMENTATIONS = YES;
				CLANG_WARN_DIRECT_OBJC_ISA_USAGE = YES_ERROR;
				CLANG_WARN_DOCUMENTATION_COMMENTS = YES;
				CLANG_WARN_EMPTY_BODY = YES;
				CLANG_WARN_ENUM_CONVERSION = YES;
				CLANG_WARN_INFINITE_RECURSION = YES;
				CLANG_WARN_INT_CONVERSION = YES;
				CLANG_WARN_NON_LITERAL_NULL_CONVERSION = YES;
				CLANG_WARN_OBJC_IMPLICIT_RETAIN_SELF = YES;
				CLANG_WARN_OBJC_LITERAL_CONVERSION = YES;
				CLANG_WARN_OBJC_ROOT_CLASS = YES_ERROR;
				CLANG_WARN_QUOTED_INCLUDE_IN_FRAMEWORK_HEADER = YES;
				CLANG_WARN_RANGE_LOOP_ANALYSIS = YES;
				CLANG_WARN_STRICT_PROTOTYPES = YES;
				CLANG_WARN_SUSPICIOUS_MOVE = YES;
				CLANG_WARN_UNGUARDED_AVAILABILITY = YES_AGGRESSIVE;
				CLANG_WARN_UNREACHABLE_CODE = YES;
				CLANG_WARN__DUPLICATE_METHOD_MATCH = YES;
				COPY_PHASE_STRIP = NO;
				DEBUG_INFORMATION_FORMAT = "dwarf-with-dsym";
				DEVELOPMENT_TEAM = X9TK8AD4Y9;
				ENABLE_NS_ASSERTIONS = NO;
				ENABLE_STRICT_OBJC_MSGSEND = YES;
				ENABLE_USER_SCRIPT_SANDBOXING = YES;
				GCC_C_LANGUAGE_STANDARD = gnu17;
				GCC_NO_COMMON_BLOCKS = YES;
				GCC_WARN_64_TO_32_BIT_CONVERSION = YES;
				GCC_WARN_ABOUT_RETURN_TYPE = YES_ERROR;
				GCC_WARN_UNDECLARED_SELECTOR = YES;
				GCC_WARN_UNINITIALIZED_AUTOS = YES_AGGRESSIVE;
				GCC_WARN_UNUSED_FUNCTION = YES;
				GCC_WARN_UNUSED_VARIABLE = YES;
				IPHONEOS_DEPLOYMENT_TARGET = 18.4;
				LOCALIZATION_PREFERS_STRING_CATALOGS = YES;
				MTL_ENABLE_DEBUG_INFO = NO;
				MTL_FAST_MATH = YES;
				SDKROOT = iphoneos;
				SWIFT_COMPILATION_MODE = wholemodule;
				VALIDATE_PRODUCT = YES;
			};
			name = Release;
		};
		5A540CD72DA276C000388B8B /* Debug */ = {
			isa = XCBuildConfiguration;
			buildSettings = {
				ASSETCATALOG_COMPILER_APPICON_NAME = AppIcon;
				ASSETCATALOG_COMPILER_GLOBAL_ACCENT_COLOR_NAME = AccentColor;
				CODE_SIGN_STYLE = Automatic;
				CURRENT_PROJECT_VERSION = 1;
				DEVELOPMENT_TEAM = X9TK8AD4Y9;
				ENABLE_PREVIEWS = YES;
				GENERATE_INFOPLIST_FILE = YES;
				INFOPLIST_KEY_UIApplicationSceneManifest_Generation = YES;
				INFOPLIST_KEY_UIApplicationSupportsIndirectInputEvents = YES;
				INFOPLIST_KEY_UILaunchScreen_Generation = YES;
				INFOPLIST_KEY_UISupportedInterfaceOrientations_iPad = "UIInterfaceOrientationPortrait UIInterfaceOrientationPortraitUpsideDown UIInterfaceOrientationLandscapeLeft UIInterfaceOrientationLandscapeRight";
				INFOPLIST_KEY_UISupportedInterfaceOrientations_iPhone = "UIInterfaceOrientationPortrait UIInterfaceOrientationLandscapeLeft UIInterfaceOrientationLandscapeRight";
				IPHONEOS_DEPLOYMENT_TARGET = 18.0;
				LD_RUNPATH_SEARCH_PATHS = (
					"$(inherited)",
					"@executable_path/Frameworks",
				);
				MARKETING_VERSION = 1.0;
				PRODUCT_BUNDLE_IDENTIFIER = "jin.sound-store";
				PRODUCT_NAME = "$(TARGET_NAME)";
				SWIFT_EMIT_LOC_STRINGS = YES;
				SWIFT_VERSION = 6.0;
				TARGETED_DEVICE_FAMILY = "1,2";
			};
			name = Debug;
		};
		5A540CD82DA276C000388B8B /* Release */ = {
			isa = XCBuildConfiguration;
			buildSettings = {
				ASSETCATALOG_COMPILER_APPICON_NAME = AppIcon;
				ASSETCATALOG_COMPILER_GLOBAL_ACCENT_COLOR_NAME = AccentColor;
				CODE_SIGN_STYLE = Automatic;
				CURRENT_PROJECT_VERSION = 1;
				DEVELOPMENT_TEAM = X9TK8AD4Y9;
				ENABLE_PREVIEWS = YES;
				GENERATE_INFOPLIST_FILE = YES;
				INFOPLIST_KEY_UIApplicationSceneManifest_Generation = YES;
				INFOPLIST_KEY_UIApplicationSupportsIndirectInputEvents = YES;
				INFOPLIST_KEY_UILaunchScreen_Generation = YES;
				INFOPLIST_KEY_UISupportedInterfaceOrientations_iPad = "UIInterfaceOrientationPortrait UIInterfaceOrientationPortraitUpsideDown UIInterfaceOrientationLandscapeLeft UIInterfaceOrientationLandscapeRight";
				INFOPLIST_KEY_UISupportedInterfaceOrientations_iPhone = "UIInterfaceOrientationPortrait UIInterfaceOrientationLandscapeLeft UIInterfaceOrientationLandscapeRight";
				IPHONEOS_DEPLOYMENT_TARGET = 18.0;
				LD_RUNPATH_SEARCH_PATHS = (
					"$(inherited)",
					"@executable_path/Frameworks",
				);
				MARKETING_VERSION = 1.0;
				PRODUCT_BUNDLE_IDENTIFIER = "jin.sound-store";
				PRODUCT_NAME = "$(TARGET_NAME)";
				SWIFT_EMIT_LOC_STRINGS = YES;
				SWIFT_VERSION = 6.0;
				TARGETED_DEVICE_FAMILY = "1,2";
			};
			name = Release;
		};
		5A540CDA2DA276C000388B8B /* Debug */ = {
			isa = XCBuildConfiguration;
			buildSettings = {
				BUNDLE_LOADER = "$(TEST_HOST)";
				CODE_SIGN_STYLE = Automatic;
				CURRENT_PROJECT_VERSION = 1;
				DEVELOPMENT_TEAM = X9TK8AD4Y9;
				GENERATE_INFOPLIST_FILE = YES;
				IPHONEOS_DEPLOYMENT_TARGET = 18.4;
				MARKETING_VERSION = 1.0;
				PRODUCT_BUNDLE_IDENTIFIER = "jin.sound-storeTests";
				PRODUCT_NAME = "$(TARGET_NAME)";
				SWIFT_EMIT_LOC_STRINGS = NO;
				SWIFT_VERSION = 5.0;
				TARGETED_DEVICE_FAMILY = "1,2";
				TEST_HOST = "$(BUILT_PRODUCTS_DIR)/sound-store.app/$(BUNDLE_EXECUTABLE_FOLDER_PATH)/sound-store";
			};
			name = Debug;
		};
		5A540CDB2DA276C000388B8B /* Release */ = {
			isa = XCBuildConfiguration;
			buildSettings = {
				BUNDLE_LOADER = "$(TEST_HOST)";
				CODE_SIGN_STYLE = Automatic;
				CURRENT_PROJECT_VERSION = 1;
				DEVELOPMENT_TEAM = X9TK8AD4Y9;
				GENERATE_INFOPLIST_FILE = YES;
				IPHONEOS_DEPLOYMENT_TARGET = 18.4;
				MARKETING_VERSION = 1.0;
				PRODUCT_BUNDLE_IDENTIFIER = "jin.sound-storeTests";
				PRODUCT_NAME = "$(TARGET_NAME)";
				SWIFT_EMIT_LOC_STRINGS = NO;
				SWIFT_VERSION = 5.0;
				TARGETED_DEVICE_FAMILY = "1,2";
				TEST_HOST = "$(BUILT_PRODUCTS_DIR)/sound-store.app/$(BUNDLE_EXECUTABLE_FOLDER_PATH)/sound-store";
			};
			name = Release;
		};
		5A540CDD2DA276C000388B8B /* Debug */ = {
			isa = XCBuildConfiguration;
			buildSettings = {
				CODE_SIGN_STYLE = Automatic;
				CURRENT_PROJECT_VERSION = 1;
				DEVELOPMENT_TEAM = X9TK8AD4Y9;
				GENERATE_INFOPLIST_FILE = YES;
				MARKETING_VERSION = 1.0;
				PRODUCT_BUNDLE_IDENTIFIER = "jin.sound-storeUITests";
				PRODUCT_NAME = "$(TARGET_NAME)";
				SWIFT_EMIT_LOC_STRINGS = NO;
				SWIFT_VERSION = 5.0;
				TARGETED_DEVICE_FAMILY = "1,2";
				TEST_TARGET_NAME = "sound-store";
			};
			name = Debug;
		};
		5A540CDE2DA276C000388B8B /* Release */ = {
			isa = XCBuildConfiguration;
			buildSettings = {
				CODE_SIGN_STYLE = Automatic;
				CURRENT_PROJECT_VERSION = 1;
				DEVELOPMENT_TEAM = X9TK8AD4Y9;
				GENERATE_INFOPLIST_FILE = YES;
				MARKETING_VERSION = 1.0;
				PRODUCT_BUNDLE_IDENTIFIER = "jin.sound-storeUITests";
				PRODUCT_NAME = "$(TARGET_NAME)";
				SWIFT_EMIT_LOC_STRINGS = NO;
				SWIFT_VERSION = 5.0;
				TARGETED_DEVICE_FAMILY = "1,2";
				TEST_TARGET_NAME = "sound-store";
			};
			name = Release;
		};
/* End XCBuildConfiguration section */

/* Begin XCConfigurationList section */
		5A540CAE2DA276BF00388B8B /* Build configuration list for PBXProject "sound-store" */ = {
			isa = XCConfigurationList;
			buildConfigurations = (
				5A540CD42DA276C000388B8B /* Debug */,
				5A540CD52DA276C000388B8B /* Release */,
			);
			defaultConfigurationIsVisible = 0;
			defaultConfigurationName = Release;
		};
		5A540CD62DA276C000388B8B /* Build configuration list for PBXNativeTarget "sound-store" */ = {
			isa = XCConfigurationList;
			buildConfigurations = (
				5A540CD72DA276C000388B8B /* Debug */,
				5A540CD82DA276C000388B8B /* Release */,
			);
			defaultConfigurationIsVisible = 0;
			defaultConfigurationName = Release;
		};
		5A540CD92DA276C000388B8B /* Build configuration list for PBXNativeTarget "sound-storeTests" */ = {
			isa = XCConfigurationList;
			buildConfigurations = (
				5A540CDA2DA276C000388B8B /* Debug */,
				5A540CDB2DA276C000388B8B /* Release */,
			);
			defaultConfigurationIsVisible = 0;
			defaultConfigurationName = Release;
		};
		5A540CDC2DA276C000388B8B /* Build configuration list for PBXNativeTarget "sound-storeUITests" */ = {
			isa = XCConfigurationList;
			buildConfigurations = (
				5A540CDD2DA276C000388B8B /* Debug */,
				5A540CDE2DA276C000388B8B /* Release */,
			);
			defaultConfigurationIsVisible = 0;
			defaultConfigurationName = Release;
		};
/* End XCConfigurationList section */

/* Begin XCSwiftPackageProductDependency section */
		5A540D302DA277DD00388B8B /* Root */ = {
			isa = XCSwiftPackageProductDependency;
			productName = Root;
		};
/* End XCSwiftPackageProductDependency section */
	};
	rootObject = 5A540CAB2DA276BF00388B8B /* Project object */;
}
